
Microsoft Visual Studio Solution File, Format Version 12.00
# Visual Studio 14
VisualStudioVersion = 14.0.25420.1
MinimumVisualStudioVersion = 10.0.40219.1
Project("{8BC9CEB8-8B4A-11D0-8D11-00A0C91BC942}") = "TestCasc", "..\tools\TestCasc\TestCasc.vcxproj", "{03F6B641-9CBD-4969-9F18-F93884109B96}"
EndProject
Project("{8BC9CEB8-8B4A-11D0-8D11-00A0C91BC942}") = "TestWowEnvironment", "..\tools\TestWowEnvironment\TestWowEnvironment.vcxproj", "{31E2A2EA-29AC-4D4E-887F-07EF009D4F2B}"
EndProject
Project("{8BC9CEB8-8B4A-11D0-8D11-00A0C91BC942}") = "TestWowDatabase", "..\tools\TestWowDatabase\TestWowDatabase.vcxproj", "{1E512A59-6BAF-40AC-8C13-1A876823207F}"
EndProject
Global
	GlobalSection(SolutionConfigurationPlatforms) = preSolution
		Debug|x64 = Debug|x64
		Release|x64 = Release|x64
	EndGlobalSection
	GlobalSection(ProjectConfigurationPlatforms) = postSolution
		{03F6B641-9CBD-4969-9F18-F93884109B96}.Debug|x64.ActiveCfg = Debug|x64
		{03F6B641-9CBD-4969-9F18-F93884109B96}.Debug|x64.Build.0 = Debug|x64
		{03F6B641-9CBD-4969-9F18-F93884109B96}.Release|x64.ActiveCfg = Release|x64
		{03F6B641-9CBD-4969-9F18-F93884109B96}.Release|x64.Build.0 = Release|x64
		{31E2A2EA-29AC-4D4E-887F-07EF009D4F2B}.Debug|x64.ActiveCfg = Debug|x64
		{31E2A2EA-29AC-4D4E-887F-07EF009D4F2B}.Debug|x64.Build.0 = Debug|x64
		{31E2A2EA-29AC-4D4E-887F-07EF009D4F2B}.Release|x64.ActiveCfg = Release|x64
		{31E2A2EA-29AC-4D4E-887F-07EF009D4F2B}.Release|x64.Build.0 = Release|x64
		{1E512A59-6BAF-40AC-8C13-1A876823207F}.Debug|x64.ActiveCfg = Debug|x64
		{1E512A59-6BAF-40AC-8C13-1A876823207F}.Debug|x64.Build.0 = Debug|x64
		{1E512A59-6BAF-40AC-8C13-1A876823207F}.Release|x64.ActiveCfg = Release|x64
		{1E512A59-6BAF-40AC-8C13-1A876823207F}.Release|x64.Build.0 = Release|x64
	EndGlobalSection
	GlobalSection(SolutionProperties) = preSolution
		HideSolutionNode = FALSE
	EndGlobalSection
EndGlobal
