<?xml version="1.0" encoding="utf-8"?>
<Project ToolsVersion="4.0" xmlns="http://schemas.microsoft.com/developer/msbuild/2003">
  <ItemGroup>
    <Filter Include="Common">
      <UniqueIdentifier>{6688166f-2a12-4ed1-acca-9cd3d2a17122}</UniqueIdentifier>
    </Filter>
  </ItemGroup>
  <ItemGroup>
    <ClCompile Include="TestWowDatabase.cpp" />
    <ClCompile Include="..\Common\CFileSystem.cpp">
      <Filter>Common</Filter>
    </ClCompile>
    <ClCompile Include="..\Common\CMemFile.cpp">
      <Filter>Common</Filter>
    </ClCompile>
    <ClCompile Include="..\Common\CReadFile.cpp">
      <Filter>Common</Filter>
    </ClCompile>
    <ClCompile Include="..\Common\CWriteFile.cpp">
      <Filter>Common</Filter>
    </ClCompile>
    <ClCompile Include="..\Common\wowEnvironment.cpp">
      <Filter>Common</Filter>
    </ClCompile>
    <ClCompile Include="..\Common\wowDatabase.cpp">
      <Filter>Common</Filter>
    </ClCompile>
    <ClCompile Include="..\Common\wowTable.cpp">
      <Filter>Common</Filter>
    </ClCompile>
    <ClCompile Include="..\Common\wowDbFile.cpp">
      <Filter>Common</Filter>
    </ClCompile>
  </ItemGroup>
  <ItemGroup>
    <ClInclude Include="..\Common\CFileSystem.h">
      <Filter>Common</Filter>
    </ClInclude>
    <ClInclude Include="..\Common\CMemFile.h">
      <Filter>Common</Filter>
    </ClInclude>
    <ClInclude Include="..\Common\CReadFile.h">
      <Filter>Common</Filter>
    </ClInclude>
    <ClInclude Include="..\Common\CWriteFile.h">
      <Filter>Common</Filter>
    </ClInclude>
    <ClInclude Include="..\Common\function.h">
      <Filter>Common</Filter>
    </ClInclude>
    <ClInclude Include="..\Common\predefine.h">
      <Filter>Common</Filter>
    </ClInclude>
    <ClInclude Include="..\Common\stringext.h">
      <Filter>Common</Filter>
    </ClInclude>
    <ClInclude Include="..\Common\wowEnvironment.h">
      <Filter>Common</Filter>
    </ClInclude>
    <ClInclude Include="..\Common\wowDatabase.h">
      <Filter>Common</Filter>
    </ClInclude>
    <ClInclude Include="..\Common\wowDbFile.h">
      <Filter>Common</Filter>
    </ClInclude>
    <ClInclude Include="..\Common\wowTable.h">
      <Filter>Common</Filter>
    </ClInclude>
    <ClInclude Include="..\Common\varianttype.h">
      <Filter>Common</Filter>
    </ClInclude>
    <ClInclude Include="..\Common\wowEnums.h">
      <Filter>Common</Filter>
    </ClInclude>
  </ItemGroup>
</Project>