<?xml version="1.0" encoding="utf-8"?>
<Project ToolsVersion="4.0" xmlns="http://schemas.microsoft.com/developer/msbuild/2003">
  <ItemGroup>
    <ClCompile Include="TestWowEnvironment.cpp" />
    <ClCompile Include="..\Common\CFileSystem.cpp">
      <Filter>Common</Filter>
    </ClCompile>
    <ClCompile Include="..\Common\CMemFile.cpp">
      <Filter>Common</Filter>
    </ClCompile>
    <ClCompile Include="..\Common\CReadFile.cpp">
      <Filter>Common</Filter>
    </ClCompile>
    <ClCompile Include="..\Common\CWriteFile.cpp">
      <Filter>Common</Filter>
    </ClCompile>
    <ClCompile Include="..\Common\wowEnvironment.cpp">
      <Filter>Common</Filter>
    </ClCompile>
  </ItemGroup>
  <ItemGroup>
    <Filter Include="Common">
      <UniqueIdentifier>{13b00b1a-eac0-48f4-b5aa-e7904efe4164}</UniqueIdentifier>
    </Filter>
  </ItemGroup>
  <ItemGroup>
    <ClInclude Include="..\Common\CFileSystem.h">
      <Filter>Common</Filter>
    </ClInclude>
    <ClInclude Include="..\Common\CMemFile.h">
      <Filter>Common</Filter>
    </ClInclude>
    <ClInclude Include="..\Common\CReadFile.h">
      <Filter>Common</Filter>
    </ClInclude>
    <ClInclude Include="..\Common\CWriteFile.h">
      <Filter>Common</Filter>
    </ClInclude>
    <ClInclude Include="..\Common\function.h">
      <Filter>Common</Filter>
    </ClInclude>
    <ClInclude Include="..\Common\predefine.h">
      <Filter>Common</Filter>
    </ClInclude>
    <ClInclude Include="..\Common\stringext.h">
      <Filter>Common</Filter>
    </ClInclude>
    <ClInclude Include="..\Common\wowEnvironment.h">
      <Filter>Common</Filter>
    </ClInclude>
  </ItemGroup>
</Project>