<?xml version="1.0" encoding="utf-8"?>
<Project ToolsVersion="4.0" xmlns="http://schemas.microsoft.com/developer/msbuild/2003">
  <ItemGroup>
    <Filter Include="Common">
      <UniqueIdentifier>{93995380-89BD-4b04-88EB-625FBE52EBFB}</UniqueIdentifier>
      <Extensions>h;hh;hpp;hxx;hm;inl;inc;xsd</Extensions>
    </Filter>
  </ItemGroup>
  <ItemGroup>
    <ClCompile Include="..\Common\CFileSystem.cpp">
      <Filter>Common</Filter>
    </ClCompile>
    <ClCompile Include="..\Common\CMemFile.cpp">
      <Filter>Common</Filter>
    </ClCompile>
    <ClCompile Include="..\Common\CReadFile.cpp">
      <Filter>Common</Filter>
    </ClCompile>
    <ClCompile Include="..\Common\CWriteFile.cpp">
      <Filter>Common</Filter>
    </ClCompile>
    <ClCompile Include="..\Common\wowDatabase.cpp">
      <Filter>Common</Filter>
    </ClCompile>
    <ClCompile Include="..\Common\wowDbFile.cpp">
      <Filter>Common</Filter>
    </ClCompile>
    <ClCompile Include="..\Common\wowEnvironment.cpp">
      <Filter>Common</Filter>
    </ClCompile>
    <ClCompile Include="..\Common\wowTable.cpp">
      <Filter>Common</Filter>
    </ClCompile>
    <ClCompile Include="..\Common\wowWDB5File.cpp">
      <Filter>Common</Filter>
    </ClCompile>
    <ClCompile Include="..\Common\wowWDC3File.cpp">
      <Filter>Common</Filter>
    </ClCompile>
    <ClCompile Include="TestWowGameFile.cpp" />
    <ClCompile Include="..\Common\wowWMOFile.cpp">
      <Filter>Common</Filter>
    </ClCompile>
  </ItemGroup>
  <ItemGroup>
    <ClInclude Include="..\Common\CFileSystem.h">
      <Filter>Common</Filter>
    </ClInclude>
    <ClInclude Include="..\Common\CMemFile.h">
      <Filter>Common</Filter>
    </ClInclude>
    <ClInclude Include="..\Common\CReadFile.h">
      <Filter>Common</Filter>
    </ClInclude>
    <ClInclude Include="..\Common\CWriteFile.h">
      <Filter>Common</Filter>
    </ClInclude>
    <ClInclude Include="..\Common\function.h">
      <Filter>Common</Filter>
    </ClInclude>
    <ClInclude Include="..\Common\predefine.h">
      <Filter>Common</Filter>
    </ClInclude>
    <ClInclude Include="..\Common\stringext.h">
      <Filter>Common</Filter>
    </ClInclude>
    <ClInclude Include="..\Common\varianttype.h">
      <Filter>Common</Filter>
    </ClInclude>
    <ClInclude Include="..\Common\wowDatabase.h">
      <Filter>Common</Filter>
    </ClInclude>
    <ClInclude Include="..\Common\wowDbFile.h">
      <Filter>Common</Filter>
    </ClInclude>
    <ClInclude Include="..\Common\wowEnums.h">
      <Filter>Common</Filter>
    </ClInclude>
    <ClInclude Include="..\Common\wowEnvironment.h">
      <Filter>Common</Filter>
    </ClInclude>
    <ClInclude Include="..\Common\wowTable.h">
      <Filter>Common</Filter>
    </ClInclude>
    <ClInclude Include="..\Common\wowWDB5File.h">
      <Filter>Common</Filter>
    </ClInclude>
    <ClInclude Include="..\Common\wowWDC3File.h">
      <Filter>Common</Filter>
    </ClInclude>
    <ClInclude Include="..\Common\aabbox3d.h">
      <Filter>Common</Filter>
    </ClInclude>
    <ClInclude Include="..\Common\frustum.h">
      <Filter>Common</Filter>
    </ClInclude>
    <ClInclude Include="..\Common\matrix4.h">
      <Filter>Common</Filter>
    </ClInclude>
    <ClInclude Include="..\Common\plane3d.h">
      <Filter>Common</Filter>
    </ClInclude>
    <ClInclude Include="..\Common\quaternion.h">
      <Filter>Common</Filter>
    </ClInclude>
    <ClInclude Include="..\Common\vector3d.h">
      <Filter>Common</Filter>
    </ClInclude>
    <ClInclude Include="..\Common\wowWMOFile.h">
      <Filter>Common</Filter>
    </ClInclude>
    <ClInclude Include="..\Common\S3DVertex.h">
      <Filter>Common</Filter>
    </ClInclude>
    <ClInclude Include="..\Common\SColor.h">
      <Filter>Common</Filter>
    </ClInclude>
    <ClInclude Include="..\Common\vector2d.h">
      <Filter>Common</Filter>
    </ClInclude>
    <ClInclude Include="..\Common\base.h">
      <Filter>Common</Filter>
    </ClInclude>
    <ClInclude Include="..\Common\wowWMOStruct.h">
      <Filter>Common</Filter>
    </ClInclude>
    <ClInclude Include="..\Common\line3d.h">
      <Filter>Common</Filter>
    </ClInclude>
  </ItemGroup>
</Project>