<?xml version="1.0" encoding="utf-8"?>
<Project ToolsVersion="4.0" xmlns="http://schemas.microsoft.com/developer/msbuild/2003">
  <ItemGroup>
    <Filter Include="OpenGL">
      <UniqueIdentifier>{4FC737F1-C7A5-4376-A066-2A32D752A2FF}</UniqueIdentifier>
      <Extensions>cpp;c;cc;cxx;def;odl;idl;hpj;bat;asm;asmx</Extensions>
    </Filter>
  </ItemGroup>
  <ItemGroup>
    <ClInclude Include="..\renderer\mywowdriver.h" />
    <ClInclude Include="..\renderer\opengl\COpenGLPCH.h">
      <Filter>OpenGL</Filter>
    </ClInclude>
    <ClInclude Include="..\renderer\OpenGL\COpenGLMaterialRenderComponent.h">
      <Filter>OpenGL</Filter>
    </ClInclude>
    <ClInclude Include="..\renderer\OpenGL\COpenGLDriver.h">
      <Filter>OpenGL</Filter>
    </ClInclude>
    <ClInclude Include="OpenGL\COpenGLHelper.h">
      <Filter>OpenGL</Filter>
    </ClInclude>
    <ClInclude Include="OpenGL\COpenGLExtension.h">
      <Filter>OpenGL</Filter>
    </ClInclude>
    <ClInclude Include="OpenGL\COpenGLTextureWriteComponent.h">
      <Filter>OpenGL</Filter>
    </ClInclude>
    <ClInclude Include="OpenGL\COpenGLTexture.h">
      <Filter>OpenGL</Filter>
    </ClInclude>
    <ClInclude Include="OpenGL\COpenGLRenderTarget.h">
      <Filter>OpenGL</Filter>
    </ClInclude>
  </ItemGroup>
  <ItemGroup>
    <ClCompile Include="..\renderer\mywowdriver.cpp" />
    <ClCompile Include="..\renderer\OpenGL\COpenGLMaterialRenderComponent.cpp">
      <Filter>OpenGL</Filter>
    </ClCompile>
    <ClCompile Include="..\renderer\OpenGL\COpenGLDriver_base.cpp">
      <Filter>OpenGL</Filter>
    </ClCompile>
    <ClCompile Include="..\renderer\OpenGL\COpenGLDriver_draw.cpp">
      <Filter>OpenGL</Filter>
    </ClCompile>
    <ClCompile Include="OpenGL\COpenGLExtension.cpp">
      <Filter>OpenGL</Filter>
    </ClCompile>
    <ClCompile Include="OpenGL\COpenGLTextureWriteComponent.cpp">
      <Filter>OpenGL</Filter>
    </ClCompile>
    <ClCompile Include="OpenGL\COpenGLTexture.cpp">
      <Filter>OpenGL</Filter>
    </ClCompile>
    <ClCompile Include="OpenGL\COpenGLRenderTarget.cpp">
      <Filter>OpenGL</Filter>
    </ClCompile>
  </ItemGroup>
</Project>